
Microsoft Visual Studio Solution File, Format Version 12.00
# Visual Studio Version 17
VisualStudioVersion = 17.0.31903.59
MinimumVisualStudioVersion = 10.0.40219.1
Project("{FAE04EC0-301F-11D3-BF4B-00C04F79EFBC}") = "DotnetTraq.Api", "src\DotnetTraq.Api\DotnetTraq.Api.csproj", "{0EE11C9A-A724-4470-806F-949718D8BB73}"
EndProject
Project("{FAE04EC0-301F-11D3-BF4B-00C04F79EFBC}") = "DotnetTraq.Extensions", "src\DotnetTraq.Extensions\DotnetTraq.Extensions.csproj", "{45717B1B-8A32-4DA9-AD07-B460DB4B4051}"
EndProject
Project("{FAE04EC0-301F-11D3-BF4B-00C04F79EFBC}") = "DotnetTraq.Tests", "src\DotnetTraq.Tests\DotnetTraq.Tests.csproj", "{3089D3DC-92CC-4173-88A0-0DAFD4F35C2E}"
EndProject
Global
	GlobalSection(SolutionConfigurationPlatforms) = preSolution
		Debug|Any CPU = Debug|Any CPU
		Release|Any CPU = Release|Any CPU
	EndGlobalSection
	GlobalSection(ProjectConfigurationPlatforms) = postSolution
		{0EE11C9A-A724-4470-806F-949718D8BB73}.Debug|Any CPU.ActiveCfg = Debug|Any CPU
		{0EE11C9A-A724-4470-806F-949718D8BB73}.Debug|Any CPU.Build.0 = Debug|Any CPU
		{0EE11C9A-A724-4470-806F-949718D8BB73}.Release|Any CPU.ActiveCfg = Release|Any CPU
		{0EE11C9A-A724-4470-806F-949718D8BB73}.Release|Any CPU.Build.0 = Release|Any CPU
		{45717B1B-8A32-4DA9-AD07-B460DB4B4051}.Debug|Any CPU.ActiveCfg = Debug|Any CPU
		{45717B1B-8A32-4DA9-AD07-B460DB4B4051}.Debug|Any CPU.Build.0 = Debug|Any CPU
		{45717B1B-8A32-4DA9-AD07-B460DB4B4051}.Release|Any CPU.ActiveCfg = Release|Any CPU
		{45717B1B-8A32-4DA9-AD07-B460DB4B4051}.Release|Any CPU.Build.0 = Release|Any CPU
		{3089D3DC-92CC-4173-88A0-0DAFD4F35C2E}.Debug|Any CPU.ActiveCfg = Debug|Any CPU
		{3089D3DC-92CC-4173-88A0-0DAFD4F35C2E}.Debug|Any CPU.Build.0 = Debug|Any CPU
		{3089D3DC-92CC-4173-88A0-0DAFD4F35C2E}.Release|Any CPU.ActiveCfg = Release|Any CPU
		{3089D3DC-92CC-4173-88A0-0DAFD4F35C2E}.Release|Any CPU.Build.0 = Release|Any CPU
	EndGlobalSection
	GlobalSection(SolutionProperties) = preSolution
		HideSolutionNode = FALSE
	EndGlobalSection
EndGlobal
